{
  "nodes": {
    "n00b-nixpkgs-stable": {
      "locked": {
        "lastModified": 1764560356,
        "narHash": "sha256-M5aFEFPppI4UhdOxwdmceJ9bDJC4T6C6CzCK1E2FZyo=",
        "owner": "NixOS",
        "repo": "nixpkgs",
        "rev": "6c8f0cca84510cc79e09ea99a299c9bc17d03cb6",
        "type": "github"
      },
      "original": {
        "id": "nixpkgs",
        "ref": "nixos-25.05",
        "type": "indirect"
      }
    },
    "n00b-nixpkgs-stable-bugged": {
      "locked": {
        "lastModified": 1762844143,
        "narHash": "sha256-SlybxLZ1/e4T2lb1czEtWVzDCVSTvk9WLwGhmxFmBxI=",
        "owner": "NixOS",
        "repo": "nixpkgs",
        "rev": "9da7f1cf7f8a6e2a7cb3001b048546c92a8258b4",
        "type": "github"
      },
      "original": {
        "owner": "NixOS",
        "ref": "9da7f1cf7f8a",
        "repo": "nixpkgs",
        "type": "github"
      }
    },
    "n00b-nixpkgs-stable-megaold": {
      "locked": {
        "lastModified": 1603764899,
        "narHash": "sha256-uvs0JsJDSq+KLo9qFiB4ibK1FGAXXr4M61D5nYYeuwk=",
        "owner": "NixOS",
        "repo": "nixpkgs",
        "rev": "9a0b14b097d6e15ed718d38df5c48cec6caa98be",
        "type": "github"
      },
      "original": {
        "owner": "NixOS",
        "ref": "9a0b14b097d6",
        "repo": "nixpkgs",
        "type": "github"
      }
    },
    "nixpkgs": {
      "locked": {
        "lastModified": 1764517877,
        "narHash": "sha256-pp3uT4hHijIC8JUK5MEqeAWmParJrgBVzHLNfJDZxg4=",
        "owner": "nixos",
        "repo": "nixpkgs",
        "rev": "2d293cbfa5a793b4c50d17c05ef9e385b90edf6c",
        "type": "github"
      },
      "original": {
        "owner": "nixos",
        "ref": "nixos-unstable",
        "repo": "nixpkgs",
        "type": "github"
      }
    },
    "root": {
      "inputs": {
        "n00b-nixpkgs-stable": "n00b-nixpkgs-stable",
        "n00b-nixpkgs-stable-bugged": "n00b-nixpkgs-stable-bugged",
        "n00b-nixpkgs-stable-megaold": "n00b-nixpkgs-stable-megaold",
        "nixpkgs": "nixpkgs"
      }
    }
  },
  "root": "root",
  "version": 7
}
